
Microsoft Visual Studio Solution File, Format Version 12.00
# Visual Studio Version 17
VisualStudioVersion = 17.9.34728.123
MinimumVisualStudioVersion = 10.0.40219.1
Project("{9A19103F-16F7-4668-BE54-9A1E7A4F7556}") = "DocplannerTest", "DocplannerTest.csproj", "{E4D299B6-ACF5-4380-8CF3-8499FC728680}"
EndProject
Project("{FAE04EC0-301F-11D3-BF4B-00C04F79EFBC}") = "DocPlannerNTest", "..\DocPlannerNTest\DocPlannerNTest.csproj", "{A29F3B94-FD50-4DCB-96C0-83294C717608}"
EndProject
Global
	GlobalSection(SolutionConfigurationPlatforms) = preSolution
		Debug|Any CPU = Debug|Any CPU
		Release|Any CPU = Release|Any CPU
	EndGlobalSection
	GlobalSection(ProjectConfigurationPlatforms) = postSolution
		{E4D299B6-ACF5-4380-8CF3-8499FC728680}.Debug|Any CPU.ActiveCfg = Debug|Any CPU
		{E4D299B6-ACF5-4380-8CF3-8499FC728680}.Debug|Any CPU.Build.0 = Debug|Any CPU
		{E4D299B6-ACF5-4380-8CF3-8499FC728680}.Release|Any CPU.ActiveCfg = Release|Any CPU
		{E4D299B6-ACF5-4380-8CF3-8499FC728680}.Release|Any CPU.Build.0 = Release|Any CPU
		{A29F3B94-FD50-4DCB-96C0-83294C717608}.Debug|Any CPU.ActiveCfg = Debug|Any CPU
		{A29F3B94-FD50-4DCB-96C0-83294C717608}.Debug|Any CPU.Build.0 = Debug|Any CPU
		{A29F3B94-FD50-4DCB-96C0-83294C717608}.Release|Any CPU.ActiveCfg = Release|Any CPU
		{A29F3B94-FD50-4DCB-96C0-83294C717608}.Release|Any CPU.Build.0 = Release|Any CPU
	EndGlobalSection
	GlobalSection(SolutionProperties) = preSolution
		HideSolutionNode = FALSE
	EndGlobalSection
	GlobalSection(ExtensibilityGlobals) = postSolution
		SolutionGuid = {E4209DB2-F47D-417C-AE3E-D775887228A6}
	EndGlobalSection
EndGlobal
